
Microsoft Visual Studio Solution File, Format Version 12.00
# Visual Studio Version 17
VisualStudioVersion = 17.13.35919.96
MinimumVisualStudioVersion = 10.0.40219.1
Project("{FAE04EC0-301F-11D3-BF4B-00C04F79EFBC}") = "NetVigia.API", "NetVigia.API\NetVigia.API.csproj", "{B3EA6D18-38D4-49ED-8F4E-A5C042604A52}"
EndProject
Project("{FAE04EC0-301F-11D3-BF4B-00C04F79EFBC}") = "NetVigia.Identity", "NetVigia.Identity\NetVigia.Identity.csproj", "{91475A1F-4474-4DF7-9D54-AC9090152EFD}"
EndProject
Project("{FAE04EC0-301F-11D3-BF4B-00C04F79EFBC}") = "NetVigia.DTO", "NetVigia.DTO\NetVigia.DTO.csproj", "{36AB5549-01CB-4D7F-843E-4780AA4C728C}"
EndProject
Project("{FAE04EC0-301F-11D3-BF4B-00C04F79EFBC}") = "NetVigia.Data", "NetVigia.Data\NetVigia.Data.csproj", "{D2F0ACE8-265D-4BF5-BD4F-5F20FB2F1912}"
EndProject
Project("{FAE04EC0-301F-11D3-BF4B-00C04F79EFBC}") = "NetVigia.Data.TimeSeries", "NetVigia.Data.TimeSeries\NetVigia.Data.TimeSeries.csproj", "{9C0E0FDE-E21D-420D-8BB7-5282FD7FFADF}"
EndProject
Project("{FAE04EC0-301F-11D3-BF4B-00C04F79EFBC}") = "NetVigia.BLL", "NetVigia.BLL\NetVigia.BLL.csproj", "{4419959F-AF16-47BA-944B-792A26567DD6}"
EndProject
Project("{FAE04EC0-301F-11D3-BF4B-00C04F79EFBC}") = "NetVigia.Workers", "NetVigia.Workers\NetVigia.Workers.csproj", "{8457E87E-6F9F-9128-FEA4-AB2B1CF0B033}"
EndProject
Global
	GlobalSection(SolutionConfigurationPlatforms) = preSolution
		Debug|Any CPU = Debug|Any CPU
		Release|Any CPU = Release|Any CPU
	EndGlobalSection
	GlobalSection(ProjectConfigurationPlatforms) = postSolution
		{B3EA6D18-38D4-49ED-8F4E-A5C042604A52}.Debug|Any CPU.ActiveCfg = Debug|Any CPU
		{B3EA6D18-38D4-49ED-8F4E-A5C042604A52}.Debug|Any CPU.Build.0 = Debug|Any CPU
		{B3EA6D18-38D4-49ED-8F4E-A5C042604A52}.Release|Any CPU.ActiveCfg = Release|Any CPU
		{B3EA6D18-38D4-49ED-8F4E-A5C042604A52}.Release|Any CPU.Build.0 = Release|Any CPU
		{91475A1F-4474-4DF7-9D54-AC9090152EFD}.Debug|Any CPU.ActiveCfg = Debug|Any CPU
		{91475A1F-4474-4DF7-9D54-AC9090152EFD}.Debug|Any CPU.Build.0 = Debug|Any CPU
		{91475A1F-4474-4DF7-9D54-AC9090152EFD}.Release|Any CPU.ActiveCfg = Release|Any CPU
		{91475A1F-4474-4DF7-9D54-AC9090152EFD}.Release|Any CPU.Build.0 = Release|Any CPU
		{36AB5549-01CB-4D7F-843E-4780AA4C728C}.Debug|Any CPU.ActiveCfg = Debug|Any CPU
		{36AB5549-01CB-4D7F-843E-4780AA4C728C}.Debug|Any CPU.Build.0 = Debug|Any CPU
		{36AB5549-01CB-4D7F-843E-4780AA4C728C}.Release|Any CPU.ActiveCfg = Release|Any CPU
		{36AB5549-01CB-4D7F-843E-4780AA4C728C}.Release|Any CPU.Build.0 = Release|Any CPU
		{D2F0ACE8-265D-4BF5-BD4F-5F20FB2F1912}.Debug|Any CPU.ActiveCfg = Debug|Any CPU
		{D2F0ACE8-265D-4BF5-BD4F-5F20FB2F1912}.Debug|Any CPU.Build.0 = Debug|Any CPU
		{D2F0ACE8-265D-4BF5-BD4F-5F20FB2F1912}.Release|Any CPU.ActiveCfg = Release|Any CPU
		{D2F0ACE8-265D-4BF5-BD4F-5F20FB2F1912}.Release|Any CPU.Build.0 = Release|Any CPU
		{9C0E0FDE-E21D-420D-8BB7-5282FD7FFADF}.Debug|Any CPU.ActiveCfg = Debug|Any CPU
		{9C0E0FDE-E21D-420D-8BB7-5282FD7FFADF}.Debug|Any CPU.Build.0 = Debug|Any CPU
		{9C0E0FDE-E21D-420D-8BB7-5282FD7FFADF}.Release|Any CPU.ActiveCfg = Release|Any CPU
		{9C0E0FDE-E21D-420D-8BB7-5282FD7FFADF}.Release|Any CPU.Build.0 = Release|Any CPU
		{4419959F-AF16-47BA-944B-792A26567DD6}.Debug|Any CPU.ActiveCfg = Debug|Any CPU
		{4419959F-AF16-47BA-944B-792A26567DD6}.Debug|Any CPU.Build.0 = Debug|Any CPU
		{4419959F-AF16-47BA-944B-792A26567DD6}.Release|Any CPU.ActiveCfg = Release|Any CPU
		{4419959F-AF16-47BA-944B-792A26567DD6}.Release|Any CPU.Build.0 = Release|Any CPU
		{8457E87E-6F9F-9128-FEA4-AB2B1CF0B033}.Debug|Any CPU.ActiveCfg = Debug|Any CPU
		{8457E87E-6F9F-9128-FEA4-AB2B1CF0B033}.Debug|Any CPU.Build.0 = Debug|Any CPU
		{8457E87E-6F9F-9128-FEA4-AB2B1CF0B033}.Release|Any CPU.ActiveCfg = Release|Any CPU
		{8457E87E-6F9F-9128-FEA4-AB2B1CF0B033}.Release|Any CPU.Build.0 = Release|Any CPU
	EndGlobalSection
	GlobalSection(SolutionProperties) = preSolution
		HideSolutionNode = FALSE
	EndGlobalSection
	GlobalSection(ExtensibilityGlobals) = postSolution
		SolutionGuid = {E6F336A8-225F-496A-B861-60D92C7D751A}
	EndGlobalSection
EndGlobal
